{
  "object": {
    "pins": [
      {
        "package": "Cryptor",
        "repositoryURL": "https://github.com/IBM-Swift/BlueCryptor",
        "state": {
          "branch": null,
          "revision": "3e0179a2f46ad0652a74459dc451d64c128fcbd0",
          "version": "1.0.20"
        }
      },
      {
        "package": "Ccmark",
        "repositoryURL": "https://github.com/objcio/Ccmark.git",
        "state": {
          "branch": "master",
          "revision": "4b584734d3200b39a6e8ae2776cd1b7d3c294888",
          "version": null
        }
      },
      {
        "package": "Commandant",
        "repositoryURL": "https://github.com/Carthage/Commandant.git",
        "state": {
          "branch": null,
          "revision": "2cd0210f897fe46c6ce42f52ccfa72b3bbb621a0",
          "version": "0.16.0"
        }
      },
      {
        "package": "CommonMark",
        "repositoryURL": "https://github.com/objcio/commonmark-swift",
        "state": {
          "branch": "memory",
          "revision": "bc32cc6635d65fc38670e715338a7bf8d174426d",
          "version": null
        }
      },
      {
        "package": "LibPQ",
        "repositoryURL": "https://github.com/objcio/LibPQ",
        "state": {
          "branch": "master",
          "revision": "aeafeea4b0a114d3e7197167de07b2186970a283",
          "version": null
        }
      },
      {
        "package": "Nimble",
        "repositoryURL": "https://github.com/Quick/Nimble.git",
        "state": {
          "branch": null,
          "revision": "f8657642dfdec9973efc79cc68bcef43a653a2bc",
          "version": "8.0.2"
        }
      },
      {
        "package": "Quick",
        "repositoryURL": "https://github.com/Quick/Quick.git",
        "state": {
          "branch": null,
          "revision": "94df9b449508344667e5afc7e80f8bcbff1e4c37",
          "version": "2.1.0"
        }
      },
      {
        "package": "Result",
        "repositoryURL": "https://github.com/antitypical/Result.git",
        "state": {
          "branch": null,
          "revision": "2ca499ba456795616fbc471561ff1d963e6ae160",
          "version": "4.1.0"
        }
      },
      {
        "package": "SourceKitten",
        "repositoryURL": "https://github.com/jpsim/SourceKitten",
        "state": {
          "branch": null,
          "revision": "fd9091759201473aa234c22322a3939615aef59a",
          "version": "0.23.2"
        }
      },
      {
        "package": "swift-nio",
        "repositoryURL": "https://github.com/apple/swift-nio.git",
        "state": {
          "branch": null,
          "revision": "7f20464df31e85f86bedf4a8afdd1785e0cb5059",
          "version": "2.3.0"
        }
      },
      {
        "package": "SWXMLHash",
        "repositoryURL": "https://github.com/drmohundro/SWXMLHash.git",
        "state": {
          "branch": null,
          "revision": "f43166a8e18fdd0857f29e303b1bb79a5428bca0",
          "version": "4.9.0"
        }
      },
      {
        "package": "Yams",
        "repositoryURL": "https://github.com/jpsim/Yams.git",
        "state": {
          "branch": null,
          "revision": "c947a306d2e80ecb2c0859047b35c73b8e1ca27f",
          "version": "2.0.0"
        }
      }
    ]
  },
  "version": 1
}
