{
  "object": {
    "pins": [
      {
        "package": "Bits",
        "repositoryURL": "https://github.com/vapor/bits.git",
        "state": {
          "branch": null,
          "revision": "03079476b04139a8b744ad96f975176df5ae12bc",
          "version": "1.1.1"
        }
      },
      {
        "package": "Ccmark",
        "repositoryURL": "https://github.com/chriseidhof/Ccmark.git",
        "state": {
          "branch": null,
          "revision": "f1baba3429aeb6fe2acabc92309cb7a756250b30",
          "version": "0.28.2"
        }
      },
      {
        "package": "CommonMark",
        "repositoryURL": "https://github.com/chriseidhof/commonmark-swift",
        "state": {
          "branch": "master",
          "revision": "2f5094f7839340e7e0a14fda0f0ed91430c406ca",
          "version": null
        }
      },
      {
        "package": "Core",
        "repositoryURL": "https://github.com/vapor/core.git",
        "state": {
          "branch": null,
          "revision": "aa15871311b497a24a7f0e96b1ae6865dd600818",
          "version": "2.2.1"
        }
      },
      {
        "package": "CPostgreSQL",
        "repositoryURL": "https://github.com/vapor-community/cpostgresql.git",
        "state": {
          "branch": null,
          "revision": "33f0f94f023ab61ccd0ba2f076dd6a448be853e3",
          "version": "2.1.0"
        }
      },
      {
        "package": "Debugging",
        "repositoryURL": "https://github.com/vapor/debugging.git",
        "state": {
          "branch": null,
          "revision": "fc5a27d6eb236141dc24e5f14eedaa2e035ae7b3",
          "version": "1.1.1"
        }
      },
      {
        "package": "HTMLString",
        "repositoryURL": "https://github.com/alexaubry/HTMLString",
        "state": {
          "branch": null,
          "revision": "7fb27bf13771e239c9952507199920dfe1605ca9",
          "version": "4.0.2"
        }
      },
      {
        "package": "Node",
        "repositoryURL": "https://github.com/vapor/node.git",
        "state": {
          "branch": null,
          "revision": "607aa595081da496f0f04a5c0cffd976e81d2e4e",
          "version": "2.1.5"
        }
      },
      {
        "package": "libxml2",
        "repositoryURL": "https://github.com/PerfectlySoft/Perfect-libxml2.git",
        "state": {
          "branch": null,
          "revision": "f1c8210504aeeb09ec8a4d0f6d44a05adff3b334",
          "version": "3.0.0"
        }
      },
      {
        "package": "PerfectXML",
        "repositoryURL": "https://github.com/PerfectlySoft/Perfect-XML.git",
        "state": {
          "branch": null,
          "revision": "977d27770b74f8e73653b9f569b7dac1bfea4150",
          "version": "3.1.3"
        }
      },
      {
        "package": "PostgreSQL",
        "repositoryURL": "https://github.com/vapor-community/postgresql.git",
        "state": {
          "branch": null,
          "revision": "1d23662a0b1b6b4689319607bb8d22daa57e5fca",
          "version": "2.1.2"
        }
      },
      {
        "package": "swift-nio",
        "repositoryURL": "https://github.com/apple/swift-nio.git",
        "state": {
          "branch": null,
          "revision": "cf08e673dc41dc63d34065234c8fc432e8d334c4",
          "version": "1.9.2"
        }
      },
      {
        "package": "swift-nio-zlib-support",
        "repositoryURL": "https://github.com/apple/swift-nio-zlib-support.git",
        "state": {
          "branch": null,
          "revision": "37760e9a52030bb9011972c5213c3350fa9d41fd",
          "version": "1.0.0"
        }
      }
    ]
  },
  "version": 1
}
