{
  "object": {
    "pins": [
      {
        "package": "EndpointBuilder",
        "repositoryURL": "https://github.com/chriseidhof/backend-experiments",
        "state": {
          "branch": "main",
          "revision": "4f7a84d80842c9d0c3ff6513ac63a93d805583e4",
          "version": null
        }
      },
      {
        "package": "Commandant",
        "repositoryURL": "https://github.com/Carthage/Commandant.git",
        "state": {
          "branch": null,
          "revision": "ab68611013dec67413628ac87c1f29e8427bc8e4",
          "version": "0.17.0"
        }
      },
      {
        "package": "CommonMark",
        "repositoryURL": "https://github.com/chriseidhof/commonmark-swift",
        "state": {
          "branch": "embed-c",
          "revision": "c5776f716f666cd6a011cf20cb6fbb09244d6162",
          "version": null
        }
      },
      {
        "package": "LibPQ",
        "repositoryURL": "https://github.com/objcio/LibPQ",
        "state": {
          "branch": "master",
          "revision": "e16ce4a5f742dd7b14ce326b6aac2d425fb314d9",
          "version": null
        }
      },
      {
        "package": "md5",
        "repositoryURL": "https://github.com/objcio/md5",
        "state": {
          "branch": null,
          "revision": "1e90479da83bf47631c149a887fe5ad4aff31c2c",
          "version": "0.1.0"
        }
      },
      {
        "package": "Nimble",
        "repositoryURL": "https://github.com/Quick/Nimble.git",
        "state": {
          "branch": null,
          "revision": "7a46a5fc86cb917f69e3daf79fcb045283d8f008",
          "version": "8.1.2"
        }
      },
      {
        "package": "Quick",
        "repositoryURL": "https://github.com/Quick/Quick.git",
        "state": {
          "branch": null,
          "revision": "09b3becb37cb2163919a3842a4c5fa6ec7130792",
          "version": "2.2.1"
        }
      },
      {
        "package": "SourceKitten",
        "repositoryURL": "https://github.com/jpsim/SourceKitten",
        "state": {
          "branch": null,
          "revision": "77a4dbbb477a8110eb8765e3c44c70fb4929098f",
          "version": "0.29.0"
        }
      },
      {
        "package": "swift-backtrace",
        "repositoryURL": "https://github.com/ianpartridge/swift-backtrace.git",
        "state": {
          "branch": null,
          "revision": "80746bdd0ac8a7d83aad5d89dac3cbf15de652e6",
          "version": "1.3.4"
        }
      },
      {
        "package": "swift-nio",
        "repositoryURL": "https://github.com/apple/swift-nio.git",
        "state": {
          "branch": null,
          "revision": "124119f0bb12384cef35aa041d7c3a686108722d",
          "version": "2.40.0"
        }
      },
      {
        "package": "swift-talk-shared",
        "repositoryURL": "https://github.com/objcio/swift-talk-shared",
        "state": {
          "branch": null,
          "revision": "0238161c1bf1a3db01c6d51b801e6d02656199b4",
          "version": "0.3.3"
        }
      },
      {
        "package": "HTML",
        "repositoryURL": "https://github.com/robb/Swim",
        "state": {
          "branch": null,
          "revision": "a0943e6f3cb5751ee7b69ed43a33613ea67d0c6a",
          "version": "0.4.0"
        }
      },
      {
        "package": "SWXMLHash",
        "repositoryURL": "https://github.com/drmohundro/SWXMLHash.git",
        "state": {
          "branch": null,
          "revision": "9183170d20857753d4f331b0ca63f73c60764bf3",
          "version": "5.0.2"
        }
      },
      {
        "package": "TinyNetworking",
        "repositoryURL": "https://github.com/objcio/tiny-networking",
        "state": {
          "branch": null,
          "revision": "45ba230cc9a843bf82a642803a43ef8838dc5b70",
          "version": "0.5.0"
        }
      },
      {
        "package": "Yams",
        "repositoryURL": "https://github.com/jpsim/Yams.git",
        "state": {
          "branch": null,
          "revision": "c947a306d2e80ecb2c0859047b35c73b8e1ca27f",
          "version": "2.0.0"
        }
      }
    ]
  },
  "version": 1
}
